
Microsoft Visual Studio Solution File, Format Version 12.00
# Visual Studio Version 16
VisualStudioVersion = 16.0.29911.84
MinimumVisualStudioVersion = 10.0.40219.1
Project("{FAE04EC0-301F-11D3-BF4B-00C04F79EFBC}") = "GUI Technical Support", "GUI Technical Support\GUI Technical Support.csproj", "{05C2BC1F-03FC-4CEE-9C65-D0BBE794E92B}"
EndProject
Global
	GlobalSection(SolutionConfigurationPlatforms) = preSolution
		Debug|Any CPU = Debug|Any CPU
		Release|Any CPU = Release|Any CPU
	EndGlobalSection
	GlobalSection(ProjectConfigurationPlatforms) = postSolution
		{05C2BC1F-03FC-4CEE-9C65-D0BBE794E92B}.Debug|Any CPU.ActiveCfg = Debug|Any CPU
		{05C2BC1F-03FC-4CEE-9C65-D0BBE794E92B}.Debug|Any CPU.Build.0 = Debug|Any CPU
		{05C2BC1F-03FC-4CEE-9C65-D0BBE794E92B}.Release|Any CPU.ActiveCfg = Release|Any CPU
		{05C2BC1F-03FC-4CEE-9C65-D0BBE794E92B}.Release|Any CPU.Build.0 = Release|Any CPU
	EndGlobalSection
	GlobalSection(SolutionProperties) = preSolution
		HideSolutionNode = FALSE
	EndGlobalSection
	GlobalSection(ExtensibilityGlobals) = postSolution
		SolutionGuid = {D1848EA8-B70D-408C-A88E-AC4D0E91CC68}
	EndGlobalSection
EndGlobal
